{
  "object": {
    "pins": [
      {
        "package": "Bits",
        "repositoryURL": "https://github.com/vapor/bits.git",
        "state": {
          "branch": null,
          "revision": "c32f5e6ae2007dccd21a92b7e33eba842dd80d2f",
          "version": "1.1.0"
        }
      },
      {
        "package": "CTLS",
        "repositoryURL": "https://github.com/vapor/ctls.git",
        "state": {
          "branch": null,
          "revision": "fddec6a4643d6e85b6bb6dc54b1b5cdbabd395d2",
          "version": "1.1.2"
        }
      },
      {
        "package": "Core",
        "repositoryURL": "https://github.com/vapor/core.git",
        "state": {
          "branch": null,
          "revision": "f9f3a585ab0ea5764b46d7a36d9c0d9d508b9c63",
          "version": "2.2.0"
        }
      },
      {
        "package": "Crypto",
        "repositoryURL": "https://github.com/vapor/crypto.git",
        "state": {
          "branch": null,
          "revision": "946edc6642d6825982a2f52a268a8ba9bd520a3d",
          "version": "2.1.2"
        }
      },
      {
        "package": "Debugging",
        "repositoryURL": "https://github.com/vapor/debugging.git",
        "state": {
          "branch": null,
          "revision": "fc5a27d6eb236141dc24e5f14eedaa2e035ae7b3",
          "version": "1.1.1"
        }
      },
      {
        "package": "Engine",
        "repositoryURL": "https://github.com/vapor/engine",
        "state": {
          "branch": null,
          "revision": "c10bff75382f8e1f9476e4a9ebc470e18842c844",
          "version": "2.2.2"
        }
      },
      {
        "package": "Random",
        "repositoryURL": "https://github.com/vapor/random.git",
        "state": {
          "branch": null,
          "revision": "d7c4397d125caba795d14d956efacfe2a27a63d0",
          "version": "1.2.0"
        }
      },
      {
        "package": "SKCore",
        "repositoryURL": "https://github.com/SlackKit/SKCore",
        "state": {
          "branch": null,
          "revision": "cb313cdebacf9c882460b3b25349f9bc55015c8c",
          "version": "4.1.0"
        }
      },
      {
        "package": "SKWebAPI",
        "repositoryURL": "https://github.com/SlackKit/SKWebAPI",
        "state": {
          "branch": null,
          "revision": "1e44cd0b8804322728ad34015e16635faf3aa2c9",
          "version": "4.1.0"
        }
      },
      {
        "package": "Sockets",
        "repositoryURL": "https://github.com/vapor/sockets",
        "state": {
          "branch": null,
          "revision": "a77816695630a44d5d1393fc71eac37ac3d082ca",
          "version": "2.2.2"
        }
      },
      {
        "package": "TLS",
        "repositoryURL": "https://github.com/vapor/tls",
        "state": {
          "branch": null,
          "revision": "02a47309249e69358aa3c28b5853897585d7a750",
          "version": "2.1.2"
        }
      }
    ]
  },
  "version": 1
}
