// !$*UTF8*$!
{
	archiveVersion = 1;
	classes = {
	};
	objectVersion = 46;
	objects = {

/* Begin PBXBuildFile section */
		OBJ_105 /* SSLSecurity.swift in Sources */ = {isa = PBXBuildFile; fileRef = OBJ_18 /* SSLSecurity.swift */; };
		OBJ_106 /* WebSocket.swift in Sources */ = {isa = PBXBuildFile; fileRef = OBJ_19 /* WebSocket.swift */; };
		OBJ_112 /* Endpoint.swift in Sources */ = {isa = PBXBuildFile; fileRef = OBJ_22 /* Endpoint.swift */; };
		OBJ_113 /* NetworkInterface.swift in Sources */ = {isa = PBXBuildFile; fileRef = OBJ_23 /* NetworkInterface.swift */; };
		OBJ_114 /* WebAPI.swift in Sources */ = {isa = PBXBuildFile; fileRef = OBJ_24 /* WebAPI.swift */; };
		OBJ_116 /* SKCore.framework in Frameworks */ = {isa = PBXBuildFile; fileRef = "SKCore::SKCore::Product" /* SKCore.framework */; };
		OBJ_122 /* Action.swift in Sources */ = {isa = PBXBuildFile; fileRef = OBJ_27 /* Action.swift */; };
		OBJ_123 /* Attachment.swift in Sources */ = {isa = PBXBuildFile; fileRef = OBJ_28 /* Attachment.swift */; };
		OBJ_124 /* AttachmentField.swift in Sources */ = {isa = PBXBuildFile; fileRef = OBJ_29 /* AttachmentField.swift */; };
		OBJ_125 /* Bot.swift in Sources */ = {isa = PBXBuildFile; fileRef = OBJ_30 /* Bot.swift */; };
		OBJ_126 /* Channel.swift in Sources */ = {isa = PBXBuildFile; fileRef = OBJ_31 /* Channel.swift */; };
		OBJ_127 /* Comment.swift in Sources */ = {isa = PBXBuildFile; fileRef = OBJ_32 /* Comment.swift */; };
		OBJ_128 /* CustomProfile.swift in Sources */ = {isa = PBXBuildFile; fileRef = OBJ_33 /* CustomProfile.swift */; };
		OBJ_129 /* CustomProfileField.swift in Sources */ = {isa = PBXBuildFile; fileRef = OBJ_34 /* CustomProfileField.swift */; };
		OBJ_130 /* DoNotDisturbStatus.swift in Sources */ = {isa = PBXBuildFile; fileRef = OBJ_35 /* DoNotDisturbStatus.swift */; };
		OBJ_131 /* Edited.swift in Sources */ = {isa = PBXBuildFile; fileRef = OBJ_36 /* Edited.swift */; };
		OBJ_132 /* Event.swift in Sources */ = {isa = PBXBuildFile; fileRef = OBJ_37 /* Event.swift */; };
		OBJ_133 /* Extensions.swift in Sources */ = {isa = PBXBuildFile; fileRef = OBJ_38 /* Extensions.swift */; };
		OBJ_134 /* File.swift in Sources */ = {isa = PBXBuildFile; fileRef = OBJ_39 /* File.swift */; };
		OBJ_135 /* History.swift in Sources */ = {isa = PBXBuildFile; fileRef = OBJ_40 /* History.swift */; };
		OBJ_136 /* Item.swift in Sources */ = {isa = PBXBuildFile; fileRef = OBJ_41 /* Item.swift */; };
		OBJ_137 /* Message.swift in Sources */ = {isa = PBXBuildFile; fileRef = OBJ_42 /* Message.swift */; };
		OBJ_138 /* OAuthConfig.swift in Sources */ = {isa = PBXBuildFile; fileRef = OBJ_43 /* OAuthConfig.swift */; };
		OBJ_139 /* RTMOptions.swift in Sources */ = {isa = PBXBuildFile; fileRef = OBJ_44 /* RTMOptions.swift */; };
		OBJ_140 /* Reaction.swift in Sources */ = {isa = PBXBuildFile; fileRef = OBJ_45 /* Reaction.swift */; };
		OBJ_141 /* Reply.swift in Sources */ = {isa = PBXBuildFile; fileRef = OBJ_46 /* Reply.swift */; };
		OBJ_142 /* Scope.swift in Sources */ = {isa = PBXBuildFile; fileRef = OBJ_47 /* Scope.swift */; };
		OBJ_143 /* SlackError.swift in Sources */ = {isa = PBXBuildFile; fileRef = OBJ_48 /* SlackError.swift */; };
		OBJ_144 /* Team.swift in Sources */ = {isa = PBXBuildFile; fileRef = OBJ_49 /* Team.swift */; };
		OBJ_145 /* TeamIcon.swift in Sources */ = {isa = PBXBuildFile; fileRef = OBJ_50 /* TeamIcon.swift */; };
		OBJ_146 /* Topic.swift in Sources */ = {isa = PBXBuildFile; fileRef = OBJ_51 /* Topic.swift */; };
		OBJ_147 /* User.swift in Sources */ = {isa = PBXBuildFile; fileRef = OBJ_52 /* User.swift */; };
		OBJ_148 /* UserGroup.swift in Sources */ = {isa = PBXBuildFile; fileRef = OBJ_53 /* UserGroup.swift */; };
		OBJ_64 /* Package.swift in Sources */ = {isa = PBXBuildFile; fileRef = OBJ_6 /* Package.swift */; };
		OBJ_70 /* Package.swift in Sources */ = {isa = PBXBuildFile; fileRef = OBJ_17 /* Package.swift */; };
		OBJ_76 /* Package.swift in Sources */ = {isa = PBXBuildFile; fileRef = OBJ_21 /* Package.swift */; };
		OBJ_82 /* Package.swift in Sources */ = {isa = PBXBuildFile; fileRef = OBJ_26 /* Package.swift */; };
		OBJ_88 /* StarscreamRTM.swift in Sources */ = {isa = PBXBuildFile; fileRef = OBJ_10 /* StarscreamRTM.swift */; };
		OBJ_89 /* ZewoRTM.swift in Sources */ = {isa = PBXBuildFile; fileRef = OBJ_11 /* ZewoRTM.swift */; };
		OBJ_90 /* SKRTMAPI.swift in Sources */ = {isa = PBXBuildFile; fileRef = OBJ_12 /* SKRTMAPI.swift */; };
		OBJ_92 /* Starscream.framework in Frameworks */ = {isa = PBXBuildFile; fileRef = "Starscream::Starscream::Product" /* Starscream.framework */; };
		OBJ_93 /* SKWebAPI.framework in Frameworks */ = {isa = PBXBuildFile; fileRef = "SKWebAPI::SKWebAPI::Product" /* SKWebAPI.framework */; };
		OBJ_94 /* SKCore.framework in Frameworks */ = {isa = PBXBuildFile; fileRef = "SKCore::SKCore::Product" /* SKCore.framework */; };
/* End PBXBuildFile section */

/* Begin PBXContainerItemProxy section */
		458FB1D11FD8A2040023F476 /* PBXContainerItemProxy */ = {
			isa = PBXContainerItemProxy;
			containerPortal = OBJ_1 /* Project object */;
			proxyType = 1;
			remoteGlobalIDString = "Starscream::Starscream";
			remoteInfo = Starscream;
		};
		458FB1D21FD8A2040023F476 /* PBXContainerItemProxy */ = {
			isa = PBXContainerItemProxy;
			containerPortal = OBJ_1 /* Project object */;
			proxyType = 1;
			remoteGlobalIDString = "SKWebAPI::SKWebAPI";
			remoteInfo = SKWebAPI;
		};
		458FB1D31FD8A2040023F476 /* PBXContainerItemProxy */ = {
			isa = PBXContainerItemProxy;
			containerPortal = OBJ_1 /* Project object */;
			proxyType = 1;
			remoteGlobalIDString = "SKCore::SKCore";
			remoteInfo = SKCore;
		};
		458FB1D41FD8A2040023F476 /* PBXContainerItemProxy */ = {
			isa = PBXContainerItemProxy;
			containerPortal = OBJ_1 /* Project object */;
			proxyType = 1;
			remoteGlobalIDString = "SKCore::SKCore";
			remoteInfo = SKCore;
		};
/* End PBXContainerItemProxy section */

/* Begin PBXFileReference section */
		OBJ_10 /* StarscreamRTM.swift */ = {isa = PBXFileReference; lastKnownFileType = sourcecode.swift; path = StarscreamRTM.swift; sourceTree = "<group>"; };
		OBJ_11 /* ZewoRTM.swift */ = {isa = PBXFileReference; lastKnownFileType = sourcecode.swift; path = ZewoRTM.swift; sourceTree = "<group>"; };
		OBJ_12 /* SKRTMAPI.swift */ = {isa = PBXFileReference; lastKnownFileType = sourcecode.swift; path = SKRTMAPI.swift; sourceTree = "<group>"; };
		OBJ_14 /* Supporting Files */ = {isa = PBXFileReference; lastKnownFileType = folder; path = "Supporting Files"; sourceTree = SOURCE_ROOT; };
		OBJ_17 /* Package.swift */ = {isa = PBXFileReference; explicitFileType = sourcecode.swift; name = Package.swift; path = "/Users/michaelschwarz/Projects/SKRTMAPI/.build/checkouts/Starscream-6423249093605004847/Package.swift"; sourceTree = "<group>"; };
		OBJ_18 /* SSLSecurity.swift */ = {isa = PBXFileReference; lastKnownFileType = sourcecode.swift; path = SSLSecurity.swift; sourceTree = "<group>"; };
		OBJ_19 /* WebSocket.swift */ = {isa = PBXFileReference; lastKnownFileType = sourcecode.swift; path = WebSocket.swift; sourceTree = "<group>"; };
		OBJ_21 /* Package.swift */ = {isa = PBXFileReference; explicitFileType = sourcecode.swift; name = Package.swift; path = "/Users/michaelschwarz/Projects/SKRTMAPI/.build/checkouts/SKWebAPI--3675534262364500136/Package.swift"; sourceTree = "<group>"; };
		OBJ_22 /* Endpoint.swift */ = {isa = PBXFileReference; lastKnownFileType = sourcecode.swift; path = Endpoint.swift; sourceTree = "<group>"; };
		OBJ_23 /* NetworkInterface.swift */ = {isa = PBXFileReference; lastKnownFileType = sourcecode.swift; path = NetworkInterface.swift; sourceTree = "<group>"; };
		OBJ_24 /* WebAPI.swift */ = {isa = PBXFileReference; lastKnownFileType = sourcecode.swift; path = WebAPI.swift; sourceTree = "<group>"; };
		OBJ_26 /* Package.swift */ = {isa = PBXFileReference; explicitFileType = sourcecode.swift; name = Package.swift; path = "/Users/michaelschwarz/Projects/SKRTMAPI/.build/checkouts/SKCore-6808240924544108153/Package.swift"; sourceTree = "<group>"; };
		OBJ_27 /* Action.swift */ = {isa = PBXFileReference; lastKnownFileType = sourcecode.swift; path = Action.swift; sourceTree = "<group>"; };
		OBJ_28 /* Attachment.swift */ = {isa = PBXFileReference; lastKnownFileType = sourcecode.swift; path = Attachment.swift; sourceTree = "<group>"; };
		OBJ_29 /* AttachmentField.swift */ = {isa = PBXFileReference; lastKnownFileType = sourcecode.swift; path = AttachmentField.swift; sourceTree = "<group>"; };
		OBJ_30 /* Bot.swift */ = {isa = PBXFileReference; lastKnownFileType = sourcecode.swift; path = Bot.swift; sourceTree = "<group>"; };
		OBJ_31 /* Channel.swift */ = {isa = PBXFileReference; lastKnownFileType = sourcecode.swift; path = Channel.swift; sourceTree = "<group>"; };
		OBJ_32 /* Comment.swift */ = {isa = PBXFileReference; lastKnownFileType = sourcecode.swift; path = Comment.swift; sourceTree = "<group>"; };
		OBJ_33 /* CustomProfile.swift */ = {isa = PBXFileReference; lastKnownFileType = sourcecode.swift; path = CustomProfile.swift; sourceTree = "<group>"; };
		OBJ_34 /* CustomProfileField.swift */ = {isa = PBXFileReference; lastKnownFileType = sourcecode.swift; path = CustomProfileField.swift; sourceTree = "<group>"; };
		OBJ_35 /* DoNotDisturbStatus.swift */ = {isa = PBXFileReference; lastKnownFileType = sourcecode.swift; path = DoNotDisturbStatus.swift; sourceTree = "<group>"; };
		OBJ_36 /* Edited.swift */ = {isa = PBXFileReference; lastKnownFileType = sourcecode.swift; path = Edited.swift; sourceTree = "<group>"; };
		OBJ_37 /* Event.swift */ = {isa = PBXFileReference; lastKnownFileType = sourcecode.swift; path = Event.swift; sourceTree = "<group>"; };
		OBJ_38 /* Extensions.swift */ = {isa = PBXFileReference; lastKnownFileType = sourcecode.swift; path = Extensions.swift; sourceTree = "<group>"; };
		OBJ_39 /* File.swift */ = {isa = PBXFileReference; lastKnownFileType = sourcecode.swift; path = File.swift; sourceTree = "<group>"; };
		OBJ_40 /* History.swift */ = {isa = PBXFileReference; lastKnownFileType = sourcecode.swift; path = History.swift; sourceTree = "<group>"; };
		OBJ_41 /* Item.swift */ = {isa = PBXFileReference; lastKnownFileType = sourcecode.swift; path = Item.swift; sourceTree = "<group>"; };
		OBJ_42 /* Message.swift */ = {isa = PBXFileReference; lastKnownFileType = sourcecode.swift; path = Message.swift; sourceTree = "<group>"; };
		OBJ_43 /* OAuthConfig.swift */ = {isa = PBXFileReference; lastKnownFileType = sourcecode.swift; path = OAuthConfig.swift; sourceTree = "<group>"; };
		OBJ_44 /* RTMOptions.swift */ = {isa = PBXFileReference; lastKnownFileType = sourcecode.swift; path = RTMOptions.swift; sourceTree = "<group>"; };
		OBJ_45 /* Reaction.swift */ = {isa = PBXFileReference; lastKnownFileType = sourcecode.swift; path = Reaction.swift; sourceTree = "<group>"; };
		OBJ_46 /* Reply.swift */ = {isa = PBXFileReference; lastKnownFileType = sourcecode.swift; path = Reply.swift; sourceTree = "<group>"; };
		OBJ_47 /* Scope.swift */ = {isa = PBXFileReference; lastKnownFileType = sourcecode.swift; path = Scope.swift; sourceTree = "<group>"; };
		OBJ_48 /* SlackError.swift */ = {isa = PBXFileReference; lastKnownFileType = sourcecode.swift; path = SlackError.swift; sourceTree = "<group>"; };
		OBJ_49 /* Team.swift */ = {isa = PBXFileReference; lastKnownFileType = sourcecode.swift; path = Team.swift; sourceTree = "<group>"; };
		OBJ_50 /* TeamIcon.swift */ = {isa = PBXFileReference; lastKnownFileType = sourcecode.swift; path = TeamIcon.swift; sourceTree = "<group>"; };
		OBJ_51 /* Topic.swift */ = {isa = PBXFileReference; lastKnownFileType = sourcecode.swift; path = Topic.swift; sourceTree = "<group>"; };
		OBJ_52 /* User.swift */ = {isa = PBXFileReference; lastKnownFileType = sourcecode.swift; path = User.swift; sourceTree = "<group>"; };
		OBJ_53 /* UserGroup.swift */ = {isa = PBXFileReference; lastKnownFileType = sourcecode.swift; path = UserGroup.swift; sourceTree = "<group>"; };
		OBJ_6 /* Package.swift */ = {isa = PBXFileReference; explicitFileType = sourcecode.swift; path = Package.swift; sourceTree = "<group>"; };
		"SKCore::SKCore::Product" /* SKCore.framework */ = {isa = PBXFileReference; explicitFileType = wrapper.framework; path = SKCore.framework; sourceTree = BUILT_PRODUCTS_DIR; };
		"SKRTMAPI::SKRTMAPI::Product" /* SKRTMAPI.framework */ = {isa = PBXFileReference; lastKnownFileType = wrapper.framework; path = SKRTMAPI.framework; sourceTree = BUILT_PRODUCTS_DIR; };
		"SKWebAPI::SKWebAPI::Product" /* SKWebAPI.framework */ = {isa = PBXFileReference; explicitFileType = wrapper.framework; path = SKWebAPI.framework; sourceTree = BUILT_PRODUCTS_DIR; };
		"Starscream::Starscream::Product" /* Starscream.framework */ = {isa = PBXFileReference; explicitFileType = wrapper.framework; path = Starscream.framework; sourceTree = BUILT_PRODUCTS_DIR; };
/* End PBXFileReference section */

/* Begin PBXFrameworksBuildPhase section */
		OBJ_107 /* Frameworks */ = {
			isa = PBXFrameworksBuildPhase;
			buildActionMask = 0;
			files = (
			);
			runOnlyForDeploymentPostprocessing = 0;
		};
		OBJ_115 /* Frameworks */ = {
			isa = PBXFrameworksBuildPhase;
			buildActionMask = 0;
			files = (
				OBJ_116 /* SKCore.framework in Frameworks */,
			);
			runOnlyForDeploymentPostprocessing = 0;
		};
		OBJ_149 /* Frameworks */ = {
			isa = PBXFrameworksBuildPhase;
			buildActionMask = 0;
			files = (
			);
			runOnlyForDeploymentPostprocessing = 0;
		};
		OBJ_91 /* Frameworks */ = {
			isa = PBXFrameworksBuildPhase;
			buildActionMask = 0;
			files = (
				OBJ_92 /* Starscream.framework in Frameworks */,
				OBJ_93 /* SKWebAPI.framework in Frameworks */,
				OBJ_94 /* SKCore.framework in Frameworks */,
			);
			runOnlyForDeploymentPostprocessing = 0;
		};
/* End PBXFrameworksBuildPhase section */

/* Begin PBXGroup section */
		OBJ_13 /* Tests */ = {
			isa = PBXGroup;
			children = (
			);
			name = Tests;
			sourceTree = SOURCE_ROOT;
		};
		OBJ_15 /* Dependencies */ = {
			isa = PBXGroup;
			children = (
				OBJ_16 /* Starscream 2.0.4 */,
				OBJ_20 /* SKWebAPI 4.0.7 */,
				OBJ_25 /* SKCore 4.0.4 */,
			);
			name = Dependencies;
			sourceTree = "<group>";
		};
		OBJ_16 /* Starscream 2.0.4 */ = {
			isa = PBXGroup;
			children = (
				OBJ_17 /* Package.swift */,
				OBJ_18 /* SSLSecurity.swift */,
				OBJ_19 /* WebSocket.swift */,
			);
			name = "Starscream 2.0.4";
			path = ".build/checkouts/Starscream-6423249093605004847/Source";
			sourceTree = SOURCE_ROOT;
		};
		OBJ_20 /* SKWebAPI 4.0.7 */ = {
			isa = PBXGroup;
			children = (
				OBJ_21 /* Package.swift */,
				OBJ_22 /* Endpoint.swift */,
				OBJ_23 /* NetworkInterface.swift */,
				OBJ_24 /* WebAPI.swift */,
			);
			name = "SKWebAPI 4.0.7";
			path = ".build/checkouts/SKWebAPI--3675534262364500136/Sources";
			sourceTree = SOURCE_ROOT;
		};
		OBJ_25 /* SKCore 4.0.4 */ = {
			isa = PBXGroup;
			children = (
				OBJ_26 /* Package.swift */,
				OBJ_27 /* Action.swift */,
				OBJ_28 /* Attachment.swift */,
				OBJ_29 /* AttachmentField.swift */,
				OBJ_30 /* Bot.swift */,
				OBJ_31 /* Channel.swift */,
				OBJ_32 /* Comment.swift */,
				OBJ_33 /* CustomProfile.swift */,
				OBJ_34 /* CustomProfileField.swift */,
				OBJ_35 /* DoNotDisturbStatus.swift */,
				OBJ_36 /* Edited.swift */,
				OBJ_37 /* Event.swift */,
				OBJ_38 /* Extensions.swift */,
				OBJ_39 /* File.swift */,
				OBJ_40 /* History.swift */,
				OBJ_41 /* Item.swift */,
				OBJ_42 /* Message.swift */,
				OBJ_43 /* OAuthConfig.swift */,
				OBJ_44 /* RTMOptions.swift */,
				OBJ_45 /* Reaction.swift */,
				OBJ_46 /* Reply.swift */,
				OBJ_47 /* Scope.swift */,
				OBJ_48 /* SlackError.swift */,
				OBJ_49 /* Team.swift */,
				OBJ_50 /* TeamIcon.swift */,
				OBJ_51 /* Topic.swift */,
				OBJ_52 /* User.swift */,
				OBJ_53 /* UserGroup.swift */,
			);
			name = "SKCore 4.0.4";
			path = ".build/checkouts/SKCore-6808240924544108153/Sources";
			sourceTree = SOURCE_ROOT;
		};
		OBJ_5 /*  */ = {
			isa = PBXGroup;
			children = (
				OBJ_6 /* Package.swift */,
				OBJ_7 /* Sources */,
				OBJ_13 /* Tests */,
				OBJ_14 /* Supporting Files */,
				OBJ_15 /* Dependencies */,
				OBJ_54 /* Products */,
			);
			name = "";
			sourceTree = "<group>";
		};
		OBJ_54 /* Products */ = {
			isa = PBXGroup;
			children = (
				"SKRTMAPI::SKRTMAPI::Product" /* SKRTMAPI.framework */,
				"Starscream::Starscream::Product" /* Starscream.framework */,
				"SKWebAPI::SKWebAPI::Product" /* SKWebAPI.framework */,
				"SKCore::SKCore::Product" /* SKCore.framework */,
			);
			name = Products;
			sourceTree = BUILT_PRODUCTS_DIR;
		};
		OBJ_7 /* Sources */ = {
			isa = PBXGroup;
			children = (
				OBJ_8 /* SKRTMAPI */,
			);
			path = Sources;
			sourceTree = SOURCE_ROOT;
		};
		OBJ_8 /* SKRTMAPI */ = {
			isa = PBXGroup;
			children = (
				OBJ_9 /* Conformers */,
				OBJ_12 /* SKRTMAPI.swift */,
			);
			path = SKRTMAPI;
			sourceTree = "<group>";
		};
		OBJ_9 /* Conformers */ = {
			isa = PBXGroup;
			children = (
				OBJ_10 /* StarscreamRTM.swift */,
				OBJ_11 /* ZewoRTM.swift */,
			);
			path = Conformers;
			sourceTree = "<group>";
		};
/* End PBXGroup section */

/* Begin PBXNativeTarget section */
		"SKCore::SKCore" /* SKCore */ = {
			isa = PBXNativeTarget;
			buildConfigurationList = OBJ_118 /* Build configuration list for PBXNativeTarget "SKCore" */;
			buildPhases = (
				OBJ_121 /* Sources */,
				OBJ_149 /* Frameworks */,
			);
			buildRules = (
			);
			dependencies = (
			);
			name = SKCore;
			productName = SKCore;
			productReference = "SKCore::SKCore::Product" /* SKCore.framework */;
			productType = "com.apple.product-type.framework";
		};
		"SKCore::SwiftPMPackageDescription" /* SKCorePackageDescription */ = {
			isa = PBXNativeTarget;
			buildConfigurationList = OBJ_78 /* Build configuration list for PBXNativeTarget "SKCorePackageDescription" */;
			buildPhases = (
				OBJ_81 /* Sources */,
			);
			buildRules = (
			);
			dependencies = (
			);
			name = SKCorePackageDescription;
			productName = SKCorePackageDescription;
			productType = "com.apple.product-type.framework";
		};
		"SKRTMAPI::SKRTMAPI" /* SKRTMAPI */ = {
			isa = PBXNativeTarget;
			buildConfigurationList = OBJ_84 /* Build configuration list for PBXNativeTarget "SKRTMAPI" */;
			buildPhases = (
				OBJ_87 /* Sources */,
				OBJ_91 /* Frameworks */,
			);
			buildRules = (
			);
			dependencies = (
				OBJ_95 /* PBXTargetDependency */,
				OBJ_97 /* PBXTargetDependency */,
				OBJ_99 /* PBXTargetDependency */,
			);
			name = SKRTMAPI;
			productName = SKRTMAPI;
			productReference = "SKRTMAPI::SKRTMAPI::Product" /* SKRTMAPI.framework */;
			productType = "com.apple.product-type.framework";
		};
		"SKRTMAPI::SwiftPMPackageDescription" /* SKRTMAPIPackageDescription */ = {
			isa = PBXNativeTarget;
			buildConfigurationList = OBJ_60 /* Build configuration list for PBXNativeTarget "SKRTMAPIPackageDescription" */;
			buildPhases = (
				OBJ_63 /* Sources */,
			);
			buildRules = (
			);
			dependencies = (
			);
			name = SKRTMAPIPackageDescription;
			productName = SKRTMAPIPackageDescription;
			productType = "com.apple.product-type.framework";
		};
		"SKWebAPI::SKWebAPI" /* SKWebAPI */ = {
			isa = PBXNativeTarget;
			buildConfigurationList = OBJ_108 /* Build configuration list for PBXNativeTarget "SKWebAPI" */;
			buildPhases = (
				OBJ_111 /* Sources */,
				OBJ_115 /* Frameworks */,
			);
			buildRules = (
			);
			dependencies = (
				OBJ_117 /* PBXTargetDependency */,
			);
			name = SKWebAPI;
			productName = SKWebAPI;
			productReference = "SKWebAPI::SKWebAPI::Product" /* SKWebAPI.framework */;
			productType = "com.apple.product-type.framework";
		};
		"SKWebAPI::SwiftPMPackageDescription" /* SKWebAPIPackageDescription */ = {
			isa = PBXNativeTarget;
			buildConfigurationList = OBJ_72 /* Build configuration list for PBXNativeTarget "SKWebAPIPackageDescription" */;
			buildPhases = (
				OBJ_75 /* Sources */,
			);
			buildRules = (
			);
			dependencies = (
			);
			name = SKWebAPIPackageDescription;
			productName = SKWebAPIPackageDescription;
			productType = "com.apple.product-type.framework";
		};
		"Starscream::Starscream" /* Starscream */ = {
			isa = PBXNativeTarget;
			buildConfigurationList = OBJ_101 /* Build configuration list for PBXNativeTarget "Starscream" */;
			buildPhases = (
				OBJ_104 /* Sources */,
				OBJ_107 /* Frameworks */,
			);
			buildRules = (
			);
			dependencies = (
			);
			name = Starscream;
			productName = Starscream;
			productReference = "Starscream::Starscream::Product" /* Starscream.framework */;
			productType = "com.apple.product-type.framework";
		};
		"Starscream::SwiftPMPackageDescription" /* StarscreamPackageDescription */ = {
			isa = PBXNativeTarget;
			buildConfigurationList = OBJ_66 /* Build configuration list for PBXNativeTarget "StarscreamPackageDescription" */;
			buildPhases = (
				OBJ_69 /* Sources */,
			);
			buildRules = (
			);
			dependencies = (
			);
			name = StarscreamPackageDescription;
			productName = StarscreamPackageDescription;
			productType = "com.apple.product-type.framework";
		};
/* End PBXNativeTarget section */

/* Begin PBXProject section */
		OBJ_1 /* Project object */ = {
			isa = PBXProject;
			attributes = {
				LastUpgradeCheck = 9999;
			};
			buildConfigurationList = OBJ_2 /* Build configuration list for PBXProject "SKRTMAPI" */;
			compatibilityVersion = "Xcode 3.2";
			developmentRegion = English;
			hasScannedForEncodings = 0;
			knownRegions = (
				en,
			);
			mainGroup = OBJ_5 /*  */;
			productRefGroup = OBJ_54 /* Products */;
			projectDirPath = "";
			projectRoot = "";
			targets = (
				"SKRTMAPI::SwiftPMPackageDescription" /* SKRTMAPIPackageDescription */,
				"Starscream::SwiftPMPackageDescription" /* StarscreamPackageDescription */,
				"SKWebAPI::SwiftPMPackageDescription" /* SKWebAPIPackageDescription */,
				"SKCore::SwiftPMPackageDescription" /* SKCorePackageDescription */,
				"SKRTMAPI::SKRTMAPI" /* SKRTMAPI */,
				"Starscream::Starscream" /* Starscream */,
				"SKWebAPI::SKWebAPI" /* SKWebAPI */,
				"SKCore::SKCore" /* SKCore */,
			);
		};
/* End PBXProject section */

/* Begin PBXSourcesBuildPhase section */
		OBJ_104 /* Sources */ = {
			isa = PBXSourcesBuildPhase;
			buildActionMask = 0;
			files = (
				OBJ_105 /* SSLSecurity.swift in Sources */,
				OBJ_106 /* WebSocket.swift in Sources */,
			);
			runOnlyForDeploymentPostprocessing = 0;
		};
		OBJ_111 /* Sources */ = {
			isa = PBXSourcesBuildPhase;
			buildActionMask = 0;
			files = (
				OBJ_112 /* Endpoint.swift in Sources */,
				OBJ_113 /* NetworkInterface.swift in Sources */,
				OBJ_114 /* WebAPI.swift in Sources */,
			);
			runOnlyForDeploymentPostprocessing = 0;
		};
		OBJ_121 /* Sources */ = {
			isa = PBXSourcesBuildPhase;
			buildActionMask = 0;
			files = (
				OBJ_122 /* Action.swift in Sources */,
				OBJ_123 /* Attachment.swift in Sources */,
				OBJ_124 /* AttachmentField.swift in Sources */,
				OBJ_125 /* Bot.swift in Sources */,
				OBJ_126 /* Channel.swift in Sources */,
				OBJ_127 /* Comment.swift in Sources */,
				OBJ_128 /* CustomProfile.swift in Sources */,
				OBJ_129 /* CustomProfileField.swift in Sources */,
				OBJ_130 /* DoNotDisturbStatus.swift in Sources */,
				OBJ_131 /* Edited.swift in Sources */,
				OBJ_132 /* Event.swift in Sources */,
				OBJ_133 /* Extensions.swift in Sources */,
				OBJ_134 /* File.swift in Sources */,
				OBJ_135 /* History.swift in Sources */,
				OBJ_136 /* Item.swift in Sources */,
				OBJ_137 /* Message.swift in Sources */,
				OBJ_138 /* OAuthConfig.swift in Sources */,
				OBJ_139 /* RTMOptions.swift in Sources */,
				OBJ_140 /* Reaction.swift in Sources */,
				OBJ_141 /* Reply.swift in Sources */,
				OBJ_142 /* Scope.swift in Sources */,
				OBJ_143 /* SlackError.swift in Sources */,
				OBJ_144 /* Team.swift in Sources */,
				OBJ_145 /* TeamIcon.swift in Sources */,
				OBJ_146 /* Topic.swift in Sources */,
				OBJ_147 /* User.swift in Sources */,
				OBJ_148 /* UserGroup.swift in Sources */,
			);
			runOnlyForDeploymentPostprocessing = 0;
		};
		OBJ_63 /* Sources */ = {
			isa = PBXSourcesBuildPhase;
			buildActionMask = 0;
			files = (
				OBJ_64 /* Package.swift in Sources */,
			);
			runOnlyForDeploymentPostprocessing = 0;
		};
		OBJ_69 /* Sources */ = {
			isa = PBXSourcesBuildPhase;
			buildActionMask = 0;
			files = (
				OBJ_70 /* Package.swift in Sources */,
			);
			runOnlyForDeploymentPostprocessing = 0;
		};
		OBJ_75 /* Sources */ = {
			isa = PBXSourcesBuildPhase;
			buildActionMask = 0;
			files = (
				OBJ_76 /* Package.swift in Sources */,
			);
			runOnlyForDeploymentPostprocessing = 0;
		};
		OBJ_81 /* Sources */ = {
			isa = PBXSourcesBuildPhase;
			buildActionMask = 0;
			files = (
				OBJ_82 /* Package.swift in Sources */,
			);
			runOnlyForDeploymentPostprocessing = 0;
		};
		OBJ_87 /* Sources */ = {
			isa = PBXSourcesBuildPhase;
			buildActionMask = 0;
			files = (
				OBJ_88 /* StarscreamRTM.swift in Sources */,
				OBJ_89 /* ZewoRTM.swift in Sources */,
				OBJ_90 /* SKRTMAPI.swift in Sources */,
			);
			runOnlyForDeploymentPostprocessing = 0;
		};
/* End PBXSourcesBuildPhase section */

/* Begin PBXTargetDependency section */
		OBJ_117 /* PBXTargetDependency */ = {
			isa = PBXTargetDependency;
			target = "SKCore::SKCore" /* SKCore */;
			targetProxy = 458FB1D31FD8A2040023F476 /* PBXContainerItemProxy */;
		};
		OBJ_95 /* PBXTargetDependency */ = {
			isa = PBXTargetDependency;
			target = "Starscream::Starscream" /* Starscream */;
			targetProxy = 458FB1D11FD8A2040023F476 /* PBXContainerItemProxy */;
		};
		OBJ_97 /* PBXTargetDependency */ = {
			isa = PBXTargetDependency;
			target = "SKWebAPI::SKWebAPI" /* SKWebAPI */;
			targetProxy = 458FB1D21FD8A2040023F476 /* PBXContainerItemProxy */;
		};
		OBJ_99 /* PBXTargetDependency */ = {
			isa = PBXTargetDependency;
			target = "SKCore::SKCore" /* SKCore */;
			targetProxy = 458FB1D41FD8A2040023F476 /* PBXContainerItemProxy */;
		};
/* End PBXTargetDependency section */

/* Begin XCBuildConfiguration section */
		OBJ_102 /* Debug */ = {
			isa = XCBuildConfiguration;
			buildSettings = {
				ENABLE_TESTABILITY = YES;
				FRAMEWORK_SEARCH_PATHS = (
					"$(inherited)",
					"$(PLATFORM_DIR)/Developer/Library/Frameworks",
				);
				HEADER_SEARCH_PATHS = "$(inherited)";
				INFOPLIST_FILE = SKRTMAPI.xcodeproj/Starscream_Info.plist;
				LD_RUNPATH_SEARCH_PATHS = "$(TOOLCHAIN_DIR)/usr/lib/swift/macosx";
				OTHER_LDFLAGS = "$(inherited)";
				OTHER_SWIFT_FLAGS = "$(inherited)";
				PRODUCT_BUNDLE_IDENTIFIER = Starscream;
				PRODUCT_MODULE_NAME = "$(TARGET_NAME:c99extidentifier)";
				PRODUCT_NAME = "$(TARGET_NAME:c99extidentifier)";
				SKIP_INSTALL = YES;
				SWIFT_VERSION = 3.0;
				TARGET_NAME = Starscream;
			};
			name = Debug;
		};
		OBJ_103 /* Release */ = {
			isa = XCBuildConfiguration;
			buildSettings = {
				ENABLE_TESTABILITY = YES;
				FRAMEWORK_SEARCH_PATHS = (
					"$(inherited)",
					"$(PLATFORM_DIR)/Developer/Library/Frameworks",
				);
				HEADER_SEARCH_PATHS = "$(inherited)";
				INFOPLIST_FILE = SKRTMAPI.xcodeproj/Starscream_Info.plist;
				LD_RUNPATH_SEARCH_PATHS = "$(TOOLCHAIN_DIR)/usr/lib/swift/macosx";
				OTHER_LDFLAGS = "$(inherited)";
				OTHER_SWIFT_FLAGS = "$(inherited)";
				PRODUCT_BUNDLE_IDENTIFIER = Starscream;
				PRODUCT_MODULE_NAME = "$(TARGET_NAME:c99extidentifier)";
				PRODUCT_NAME = "$(TARGET_NAME:c99extidentifier)";
				SKIP_INSTALL = YES;
				SWIFT_VERSION = 3.0;
				TARGET_NAME = Starscream;
			};
			name = Release;
		};
		OBJ_109 /* Debug */ = {
			isa = XCBuildConfiguration;
			buildSettings = {
				ENABLE_TESTABILITY = YES;
				FRAMEWORK_SEARCH_PATHS = (
					"$(inherited)",
					"$(PLATFORM_DIR)/Developer/Library/Frameworks",
				);
				HEADER_SEARCH_PATHS = "$(inherited)";
				INFOPLIST_FILE = SKRTMAPI.xcodeproj/SKWebAPI_Info.plist;
				LD_RUNPATH_SEARCH_PATHS = "$(TOOLCHAIN_DIR)/usr/lib/swift/macosx";
				OTHER_LDFLAGS = "$(inherited)";
				OTHER_SWIFT_FLAGS = "$(inherited)";
				PRODUCT_BUNDLE_IDENTIFIER = SKWebAPI;
				PRODUCT_MODULE_NAME = "$(TARGET_NAME:c99extidentifier)";
				PRODUCT_NAME = "$(TARGET_NAME:c99extidentifier)";
				SKIP_INSTALL = YES;
				SWIFT_VERSION = 3.0;
				TARGET_NAME = SKWebAPI;
			};
			name = Debug;
		};
		OBJ_110 /* Release */ = {
			isa = XCBuildConfiguration;
			buildSettings = {
				ENABLE_TESTABILITY = YES;
				FRAMEWORK_SEARCH_PATHS = (
					"$(inherited)",
					"$(PLATFORM_DIR)/Developer/Library/Frameworks",
				);
				HEADER_SEARCH_PATHS = "$(inherited)";
				INFOPLIST_FILE = SKRTMAPI.xcodeproj/SKWebAPI_Info.plist;
				LD_RUNPATH_SEARCH_PATHS = "$(TOOLCHAIN_DIR)/usr/lib/swift/macosx";
				OTHER_LDFLAGS = "$(inherited)";
				OTHER_SWIFT_FLAGS = "$(inherited)";
				PRODUCT_BUNDLE_IDENTIFIER = SKWebAPI;
				PRODUCT_MODULE_NAME = "$(TARGET_NAME:c99extidentifier)";
				PRODUCT_NAME = "$(TARGET_NAME:c99extidentifier)";
				SKIP_INSTALL = YES;
				SWIFT_VERSION = 3.0;
				TARGET_NAME = SKWebAPI;
			};
			name = Release;
		};
		OBJ_119 /* Debug */ = {
			isa = XCBuildConfiguration;
			buildSettings = {
				ENABLE_TESTABILITY = YES;
				FRAMEWORK_SEARCH_PATHS = (
					"$(inherited)",
					"$(PLATFORM_DIR)/Developer/Library/Frameworks",
				);
				HEADER_SEARCH_PATHS = "$(inherited)";
				INFOPLIST_FILE = SKRTMAPI.xcodeproj/SKCore_Info.plist;
				LD_RUNPATH_SEARCH_PATHS = "$(TOOLCHAIN_DIR)/usr/lib/swift/macosx";
				OTHER_LDFLAGS = "$(inherited)";
				OTHER_SWIFT_FLAGS = "$(inherited)";
				PRODUCT_BUNDLE_IDENTIFIER = SKCore;
				PRODUCT_MODULE_NAME = "$(TARGET_NAME:c99extidentifier)";
				PRODUCT_NAME = "$(TARGET_NAME:c99extidentifier)";
				SKIP_INSTALL = YES;
				SWIFT_VERSION = 3.0;
				TARGET_NAME = SKCore;
			};
			name = Debug;
		};
		OBJ_120 /* Release */ = {
			isa = XCBuildConfiguration;
			buildSettings = {
				ENABLE_TESTABILITY = YES;
				FRAMEWORK_SEARCH_PATHS = (
					"$(inherited)",
					"$(PLATFORM_DIR)/Developer/Library/Frameworks",
				);
				HEADER_SEARCH_PATHS = "$(inherited)";
				INFOPLIST_FILE = SKRTMAPI.xcodeproj/SKCore_Info.plist;
				LD_RUNPATH_SEARCH_PATHS = "$(TOOLCHAIN_DIR)/usr/lib/swift/macosx";
				OTHER_LDFLAGS = "$(inherited)";
				OTHER_SWIFT_FLAGS = "$(inherited)";
				PRODUCT_BUNDLE_IDENTIFIER = SKCore;
				PRODUCT_MODULE_NAME = "$(TARGET_NAME:c99extidentifier)";
				PRODUCT_NAME = "$(TARGET_NAME:c99extidentifier)";
				SKIP_INSTALL = YES;
				SWIFT_VERSION = 3.0;
				TARGET_NAME = SKCore;
			};
			name = Release;
		};
		OBJ_3 /* Debug */ = {
			isa = XCBuildConfiguration;
			buildSettings = {
				CLANG_ENABLE_OBJC_ARC = YES;
				COMBINE_HIDPI_IMAGES = YES;
				COPY_PHASE_STRIP = NO;
				DEBUG_INFORMATION_FORMAT = dwarf;
				DYLIB_INSTALL_NAME_BASE = "@rpath";
				ENABLE_NS_ASSERTIONS = YES;
				GCC_OPTIMIZATION_LEVEL = 0;
				MACOSX_DEPLOYMENT_TARGET = 10.10;
				ONLY_ACTIVE_ARCH = YES;
				OTHER_SWIFT_FLAGS = "-DXcode";
				PRODUCT_NAME = "$(TARGET_NAME)";
				SDKROOT = macosx;
				SUPPORTED_PLATFORMS = "macosx iphoneos iphonesimulator appletvos appletvsimulator watchos watchsimulator";
				SWIFT_ACTIVE_COMPILATION_CONDITIONS = SWIFT_PACKAGE;
				SWIFT_OPTIMIZATION_LEVEL = "-Onone";
				USE_HEADERMAP = NO;
			};
			name = Debug;
		};
		OBJ_4 /* Release */ = {
			isa = XCBuildConfiguration;
			buildSettings = {
				CLANG_ENABLE_OBJC_ARC = YES;
				COMBINE_HIDPI_IMAGES = YES;
				COPY_PHASE_STRIP = YES;
				DEBUG_INFORMATION_FORMAT = "dwarf-with-dsym";
				DYLIB_INSTALL_NAME_BASE = "@rpath";
				GCC_OPTIMIZATION_LEVEL = s;
				MACOSX_DEPLOYMENT_TARGET = 10.10;
				OTHER_SWIFT_FLAGS = "-DXcode";
				PRODUCT_NAME = "$(TARGET_NAME)";
				SDKROOT = macosx;
				SUPPORTED_PLATFORMS = "macosx iphoneos iphonesimulator appletvos appletvsimulator watchos watchsimulator";
				SWIFT_ACTIVE_COMPILATION_CONDITIONS = SWIFT_PACKAGE;
				SWIFT_OPTIMIZATION_LEVEL = "-Owholemodule";
				USE_HEADERMAP = NO;
			};
			name = Release;
		};
		OBJ_61 /* Debug */ = {
			isa = XCBuildConfiguration;
			buildSettings = {
				LD = /usr/bin/true;
				OTHER_SWIFT_FLAGS = "-swift-version 4 -I /Applications/Xcode.app/Contents/Developer/Toolchains/XcodeDefault.xctoolchain/usr/lib/swift/pm/4 -target x86_64-apple-macosx10.10 -sdk /Applications/Xcode.app/Contents/Developer/Platforms/MacOSX.platform/Developer/SDKs/MacOSX10.13.sdk";
				SWIFT_VERSION = 4.0;
			};
			name = Debug;
		};
		OBJ_62 /* Release */ = {
			isa = XCBuildConfiguration;
			buildSettings = {
				LD = /usr/bin/true;
				OTHER_SWIFT_FLAGS = "-swift-version 4 -I /Applications/Xcode.app/Contents/Developer/Toolchains/XcodeDefault.xctoolchain/usr/lib/swift/pm/4 -target x86_64-apple-macosx10.10 -sdk /Applications/Xcode.app/Contents/Developer/Platforms/MacOSX.platform/Developer/SDKs/MacOSX10.13.sdk";
				SWIFT_VERSION = 4.0;
			};
			name = Release;
		};
		OBJ_67 /* Debug */ = {
			isa = XCBuildConfiguration;
			buildSettings = {
				LD = /usr/bin/true;
				OTHER_SWIFT_FLAGS = "-swift-version 3 -I /Applications/Xcode.app/Contents/Developer/Toolchains/XcodeDefault.xctoolchain/usr/lib/swift/pm/3 -target x86_64-apple-macosx10.10 -sdk /Applications/Xcode.app/Contents/Developer/Platforms/MacOSX.platform/Developer/SDKs/MacOSX10.13.sdk";
				SWIFT_VERSION = 3.0;
			};
			name = Debug;
		};
		OBJ_68 /* Release */ = {
			isa = XCBuildConfiguration;
			buildSettings = {
				LD = /usr/bin/true;
				OTHER_SWIFT_FLAGS = "-swift-version 3 -I /Applications/Xcode.app/Contents/Developer/Toolchains/XcodeDefault.xctoolchain/usr/lib/swift/pm/3 -target x86_64-apple-macosx10.10 -sdk /Applications/Xcode.app/Contents/Developer/Platforms/MacOSX.platform/Developer/SDKs/MacOSX10.13.sdk";
				SWIFT_VERSION = 3.0;
			};
			name = Release;
		};
		OBJ_73 /* Debug */ = {
			isa = XCBuildConfiguration;
			buildSettings = {
				LD = /usr/bin/true;
				OTHER_SWIFT_FLAGS = "-swift-version 3 -I /Applications/Xcode.app/Contents/Developer/Toolchains/XcodeDefault.xctoolchain/usr/lib/swift/pm/3 -target x86_64-apple-macosx10.10 -sdk /Applications/Xcode.app/Contents/Developer/Platforms/MacOSX.platform/Developer/SDKs/MacOSX10.13.sdk";
				SWIFT_VERSION = 3.0;
			};
			name = Debug;
		};
		OBJ_74 /* Release */ = {
			isa = XCBuildConfiguration;
			buildSettings = {
				LD = /usr/bin/true;
				OTHER_SWIFT_FLAGS = "-swift-version 3 -I /Applications/Xcode.app/Contents/Developer/Toolchains/XcodeDefault.xctoolchain/usr/lib/swift/pm/3 -target x86_64-apple-macosx10.10 -sdk /Applications/Xcode.app/Contents/Developer/Platforms/MacOSX.platform/Developer/SDKs/MacOSX10.13.sdk";
				SWIFT_VERSION = 3.0;
			};
			name = Release;
		};
		OBJ_79 /* Debug */ = {
			isa = XCBuildConfiguration;
			buildSettings = {
				LD = /usr/bin/true;
				OTHER_SWIFT_FLAGS = "-swift-version 3 -I /Applications/Xcode.app/Contents/Developer/Toolchains/XcodeDefault.xctoolchain/usr/lib/swift/pm/3 -target x86_64-apple-macosx10.10 -sdk /Applications/Xcode.app/Contents/Developer/Platforms/MacOSX.platform/Developer/SDKs/MacOSX10.13.sdk";
				SWIFT_VERSION = 3.0;
			};
			name = Debug;
		};
		OBJ_80 /* Release */ = {
			isa = XCBuildConfiguration;
			buildSettings = {
				LD = /usr/bin/true;
				OTHER_SWIFT_FLAGS = "-swift-version 3 -I /Applications/Xcode.app/Contents/Developer/Toolchains/XcodeDefault.xctoolchain/usr/lib/swift/pm/3 -target x86_64-apple-macosx10.10 -sdk /Applications/Xcode.app/Contents/Developer/Platforms/MacOSX.platform/Developer/SDKs/MacOSX10.13.sdk";
				SWIFT_VERSION = 3.0;
			};
			name = Release;
		};
		OBJ_85 /* Debug */ = {
			isa = XCBuildConfiguration;
			buildSettings = {
				ENABLE_TESTABILITY = YES;
				FRAMEWORK_SEARCH_PATHS = (
					"$(inherited)",
					"$(PLATFORM_DIR)/Developer/Library/Frameworks",
				);
				HEADER_SEARCH_PATHS = "$(inherited)";
				INFOPLIST_FILE = SKRTMAPI.xcodeproj/SKRTMAPI_Info.plist;
				LD_RUNPATH_SEARCH_PATHS = "$(TOOLCHAIN_DIR)/usr/lib/swift/macosx";
				OTHER_LDFLAGS = "$(inherited)";
				OTHER_SWIFT_FLAGS = "$(inherited)";
				PRODUCT_BUNDLE_IDENTIFIER = SKRTMAPI;
				PRODUCT_MODULE_NAME = "$(TARGET_NAME:c99extidentifier)";
				PRODUCT_NAME = "$(TARGET_NAME:c99extidentifier)";
				SKIP_INSTALL = YES;
				SWIFT_VERSION = 4.0;
				TARGET_NAME = SKRTMAPI;
			};
			name = Debug;
		};
		OBJ_86 /* Release */ = {
			isa = XCBuildConfiguration;
			buildSettings = {
				ENABLE_TESTABILITY = YES;
				FRAMEWORK_SEARCH_PATHS = (
					"$(inherited)",
					"$(PLATFORM_DIR)/Developer/Library/Frameworks",
				);
				HEADER_SEARCH_PATHS = "$(inherited)";
				INFOPLIST_FILE = SKRTMAPI.xcodeproj/SKRTMAPI_Info.plist;
				LD_RUNPATH_SEARCH_PATHS = "$(TOOLCHAIN_DIR)/usr/lib/swift/macosx";
				OTHER_LDFLAGS = "$(inherited)";
				OTHER_SWIFT_FLAGS = "$(inherited)";
				PRODUCT_BUNDLE_IDENTIFIER = SKRTMAPI;
				PRODUCT_MODULE_NAME = "$(TARGET_NAME:c99extidentifier)";
				PRODUCT_NAME = "$(TARGET_NAME:c99extidentifier)";
				SKIP_INSTALL = YES;
				SWIFT_VERSION = 4.0;
				TARGET_NAME = SKRTMAPI;
			};
			name = Release;
		};
/* End XCBuildConfiguration section */

/* Begin XCConfigurationList section */
		OBJ_101 /* Build configuration list for PBXNativeTarget "Starscream" */ = {
			isa = XCConfigurationList;
			buildConfigurations = (
				OBJ_102 /* Debug */,
				OBJ_103 /* Release */,
			);
			defaultConfigurationIsVisible = 0;
			defaultConfigurationName = Debug;
		};
		OBJ_108 /* Build configuration list for PBXNativeTarget "SKWebAPI" */ = {
			isa = XCConfigurationList;
			buildConfigurations = (
				OBJ_109 /* Debug */,
				OBJ_110 /* Release */,
			);
			defaultConfigurationIsVisible = 0;
			defaultConfigurationName = Debug;
		};
		OBJ_118 /* Build configuration list for PBXNativeTarget "SKCore" */ = {
			isa = XCConfigurationList;
			buildConfigurations = (
				OBJ_119 /* Debug */,
				OBJ_120 /* Release */,
			);
			defaultConfigurationIsVisible = 0;
			defaultConfigurationName = Debug;
		};
		OBJ_2 /* Build configuration list for PBXProject "SKRTMAPI" */ = {
			isa = XCConfigurationList;
			buildConfigurations = (
				OBJ_3 /* Debug */,
				OBJ_4 /* Release */,
			);
			defaultConfigurationIsVisible = 0;
			defaultConfigurationName = Debug;
		};
		OBJ_60 /* Build configuration list for PBXNativeTarget "SKRTMAPIPackageDescription" */ = {
			isa = XCConfigurationList;
			buildConfigurations = (
				OBJ_61 /* Debug */,
				OBJ_62 /* Release */,
			);
			defaultConfigurationIsVisible = 0;
			defaultConfigurationName = Debug;
		};
		OBJ_66 /* Build configuration list for PBXNativeTarget "StarscreamPackageDescription" */ = {
			isa = XCConfigurationList;
			buildConfigurations = (
				OBJ_67 /* Debug */,
				OBJ_68 /* Release */,
			);
			defaultConfigurationIsVisible = 0;
			defaultConfigurationName = Debug;
		};
		OBJ_72 /* Build configuration list for PBXNativeTarget "SKWebAPIPackageDescription" */ = {
			isa = XCConfigurationList;
			buildConfigurations = (
				OBJ_73 /* Debug */,
				OBJ_74 /* Release */,
			);
			defaultConfigurationIsVisible = 0;
			defaultConfigurationName = Debug;
		};
		OBJ_78 /* Build configuration list for PBXNativeTarget "SKCorePackageDescription" */ = {
			isa = XCConfigurationList;
			buildConfigurations = (
				OBJ_79 /* Debug */,
				OBJ_80 /* Release */,
			);
			defaultConfigurationIsVisible = 0;
			defaultConfigurationName = Debug;
		};
		OBJ_84 /* Build configuration list for PBXNativeTarget "SKRTMAPI" */ = {
			isa = XCConfigurationList;
			buildConfigurations = (
				OBJ_85 /* Debug */,
				OBJ_86 /* Release */,
			);
			defaultConfigurationIsVisible = 0;
			defaultConfigurationName = Debug;
		};
/* End XCConfigurationList section */
	};
	rootObject = OBJ_1 /* Project object */;
}
